{
  "name": "storage-worker",
  "version": "1.0.0",
  "lockfileVersion": 2,
  "requires": true,
  "packages": {
    "": {
      "name": "storage-worker",
      "version": "1.0.0",
      "license": "ISC",
      "dependencies": {
        "server-utils": "github:chrisonbass/server-utils#main"
      }
    },
    "node_modules/server-utils": {
      "version": "1.0.0",
      "resolved": "git+ssh://git@github.com/chrisonbass/server-utils.git#160d38370e1bb63ae10b4a100e6196ffc2c506d1",
      "license": "ISC"
    }
  },
  "dependencies": {
    "server-utils": {
      "version": "git+ssh://git@github.com/chrisonbass/server-utils.git#160d38370e1bb63ae10b4a100e6196ffc2c506d1",
      "from": "server-utils@github:chrisonbass/server-utils#main"
    }
  }
}
