{
  "name": "storage-worker",
  "version": "1.0.0",
  "lockfileVersion": 2,
  "requires": true,
  "packages": {
    "": {
      "name": "storage-worker",
      "version": "1.0.0",
      "license": "ISC",
      "dependencies": {
        "server-utils": "github:chrisonbass/server-utils#main"
      }
    },
    "node_modules/server-utils": {
      "version": "1.0.0",
      "resolved": "git+ssh://git@github.com/chrisonbass/server-utils.git#7eeccb59ee7026dc4d933ba41c8bed2a0ac73507",
      "license": "ISC"
    }
  },
  "dependencies": {
    "server-utils": {
      "version": "git+ssh://git@github.com/chrisonbass/server-utils.git#7eeccb59ee7026dc4d933ba41c8bed2a0ac73507",
      "from": "server-utils@github:chrisonbass/server-utils#main"
    }
  }
}
